
Microsoft Visual Studio Solution File, Format Version 12.00
# Visual Studio Version 17
VisualStudioVersion = 17.0.31912.275
MinimumVisualStudioVersion = 10.0.40219.1
Project("{9A19103F-16F7-4668-BE54-9A1E7A4F7556}") = "SmartHospital", "SmartHospital.csproj", "{F90198F6-949E-4594-B310-BEE1F5257239}"
EndProject
Project("{FAE04EC0-301F-11D3-BF4B-00C04F79EFBC}") = "Repository", "..\Repository\Repository.csproj", "{63C3C468-C7C6-47CC-9353-9E981DC7A8BA}"
EndProject
Project("{FAE04EC0-301F-11D3-BF4B-00C04F79EFBC}") = "Domain", "..\Domain\Domain.csproj", "{8031C475-BCB0-4E32-89D7-6F875CA95BC3}"
EndProject
Project("{FAE04EC0-301F-11D3-BF4B-00C04F79EFBC}") = "Service", "..\Service\Service.csproj", "{78302C0B-4CBC-4E25-90FA-B4480053A257}"
EndProject
Global
	GlobalSection(SolutionConfigurationPlatforms) = preSolution
		Debug|Any CPU = Debug|Any CPU
		Release|Any CPU = Release|Any CPU
	EndGlobalSection
	GlobalSection(ProjectConfigurationPlatforms) = postSolution
		{F90198F6-949E-4594-B310-BEE1F5257239}.Debug|Any CPU.ActiveCfg = Debug|Any CPU
		{F90198F6-949E-4594-B310-BEE1F5257239}.Debug|Any CPU.Build.0 = Debug|Any CPU
		{F90198F6-949E-4594-B310-BEE1F5257239}.Release|Any CPU.ActiveCfg = Release|Any CPU
		{F90198F6-949E-4594-B310-BEE1F5257239}.Release|Any CPU.Build.0 = Release|Any CPU
		{63C3C468-C7C6-47CC-9353-9E981DC7A8BA}.Debug|Any CPU.ActiveCfg = Debug|Any CPU
		{63C3C468-C7C6-47CC-9353-9E981DC7A8BA}.Debug|Any CPU.Build.0 = Debug|Any CPU
		{63C3C468-C7C6-47CC-9353-9E981DC7A8BA}.Release|Any CPU.ActiveCfg = Release|Any CPU
		{63C3C468-C7C6-47CC-9353-9E981DC7A8BA}.Release|Any CPU.Build.0 = Release|Any CPU
		{8031C475-BCB0-4E32-89D7-6F875CA95BC3}.Debug|Any CPU.ActiveCfg = Debug|Any CPU
		{8031C475-BCB0-4E32-89D7-6F875CA95BC3}.Debug|Any CPU.Build.0 = Debug|Any CPU
		{8031C475-BCB0-4E32-89D7-6F875CA95BC3}.Release|Any CPU.ActiveCfg = Release|Any CPU
		{8031C475-BCB0-4E32-89D7-6F875CA95BC3}.Release|Any CPU.Build.0 = Release|Any CPU
		{78302C0B-4CBC-4E25-90FA-B4480053A257}.Debug|Any CPU.ActiveCfg = Debug|Any CPU
		{78302C0B-4CBC-4E25-90FA-B4480053A257}.Debug|Any CPU.Build.0 = Debug|Any CPU
		{78302C0B-4CBC-4E25-90FA-B4480053A257}.Release|Any CPU.ActiveCfg = Release|Any CPU
		{78302C0B-4CBC-4E25-90FA-B4480053A257}.Release|Any CPU.Build.0 = Release|Any CPU
	EndGlobalSection
	GlobalSection(SolutionProperties) = preSolution
		HideSolutionNode = FALSE
	EndGlobalSection
	GlobalSection(ExtensibilityGlobals) = postSolution
		SolutionGuid = {7A516D31-3EEA-4176-AA16-40B971A090C0}
	EndGlobalSection
EndGlobal
